<?xml version="1.0" encoding="utf-8"?>
<Project ToolsVersion="4.0" xmlns="http://schemas.microsoft.com/developer/msbuild/2003">
  <ItemGroup>
    <Filter Include="win32">
      <UniqueIdentifier>{84a8ebd7-7cf0-47f6-b75e-d441df67da40}</UniqueIdentifier>
    </Filter>
    <Filter Include="resource">
      <UniqueIdentifier>{715254bc-d70b-4ec5-bf29-467dd3ace079}</UniqueIdentifier>
    </Filter>
    <Filter Include="src">
      <UniqueIdentifier>{bb6c862e-70e9-49d9-81b7-3829a6f50471}</UniqueIdentifier>
    </Filter>
  </ItemGroup>
  <ItemGroup>
    <ClCompile Include="main.cpp">
      <Filter>win32</Filter>
    </ClCompile>
    <ClCompile Include="..\Classes\AppDelegate.cpp">
      <Filter>src</Filter>
    </ClCompile>
    <ClCompile Include="..\Classes\HelloWorldScene.cpp">
      <Filter>src</Filter>
    </ClCompile>
    <ClCompile Include="..\Classes\Engine\Source\CInputManager.cpp">
      <Filter>src</Filter>
    </ClCompile>
    <ClCompile Include="..\Classes\Engine\Source\CJsonParser.cpp">
      <Filter>src</Filter>
    </ClCompile>
    <ClCompile Include="..\Classes\Engine\Source\CKernel.cpp">
      <Filter>src</Filter>
    </ClCompile>
    <ClCompile Include="..\Classes\Engine\Source\CNode.cpp">
      <Filter>src</Filter>
    </ClCompile>
    <ClCompile Include="..\Classes\Engine\Source\CParallelNode.cpp">
      <Filter>src</Filter>
    </ClCompile>
    <ClCompile Include="..\Classes\Engine\Source\CSceneNode.cpp">
      <Filter>src</Filter>
    </ClCompile>
    <ClCompile Include="..\Classes\Engine\Source\CSelectorNode.cpp">
      <Filter>src</Filter>
    </ClCompile>
    <ClCompile Include="..\Classes\Engine\Source\CSequenceNode.cpp">
      <Filter>src</Filter>
    </ClCompile>
    <ClCompile Include="..\Classes\Engine\Source\CVisitor.cpp">
      <Filter>src</Filter>
    </ClCompile>
    <ClCompile Include="..\Classes\Engine\Source\CSpriteNode.cpp">
      <Filter>src</Filter>
    </ClCompile>
    <ClCompile Include="..\Classes\Engine\Source\CLabelNode.cpp">
      <Filter>src</Filter>
    </ClCompile>
    <ClCompile Include="..\Classes\Engine\Source\CEntityNode.cpp">
      <Filter>src</Filter>
    </ClCompile>
    <ClCompile Include="..\Classes\Engine\Source\CMenuNode.cpp">
      <Filter>src</Filter>
    </ClCompile>
    <ClCompile Include="..\Classes\Engine\Source\CTransitionVisitor.cpp">
      <Filter>src</Filter>
    </ClCompile>
    <ClCompile Include="..\Classes\Modules\Networking\win\Source\CNetworkManager.cpp">
      <Filter>src</Filter>
    </ClCompile>
    <ClCompile Include="..\Classes\Engine\Source\CGridNode.cpp">
      <Filter>src</Filter>
    </ClCompile>
    <ClCompile Include="..\Classes\Engine\Source\CGroupNode.cpp">
      <Filter>src</Filter>
    </ClCompile>
    <ClCompile Include="..\Classes\Engine\Source\CTouchBeganVisitor.cpp">
      <Filter>src</Filter>
    </ClCompile>
    <ClCompile Include="..\Classes\Engine\Source\CGotoSceneVisitor.cpp">
      <Filter>src</Filter>
    </ClCompile>
    <ClCompile Include="..\Classes\Engine\Source\CValidateSceneVisitor.cpp">
      <Filter>src</Filter>
    </ClCompile>
    <ClCompile Include="..\Classes\Engine\Source\CFindEntityVisitor.cpp">
      <Filter>src</Filter>
    </ClCompile>
    <ClCompile Include="..\Classes\Engine\Source\CPeerNode.cpp">
      <Filter>src</Filter>
    </ClCompile>
    <ClCompile Include="..\Classes\Engine\Source\CFindEntityTouchVisitor.cpp">
      <Filter>src</Filter>
    </ClCompile>
    <ClCompile Include="..\Classes\Engine\Source\CDispatchMessageVisitor.cpp">
      <Filter>src</Filter>
    </ClCompile>
    <ClCompile Include="..\Classes\Modules\Util\Source\Util.cpp">
      <Filter>src</Filter>
    </ClCompile>
    <ClCompile Include="..\Classes\Engine\Source\CFindEntityFromIDVisitor.cpp">
      <Filter>src</Filter>
    </ClCompile>
    <ClCompile Include="..\Classes\Engine\Source\CValidator.cpp">
      <Filter>src</Filter>
    </ClCompile>
    <ClCompile Include="..\Classes\Engine\Source\CEditBoxNode.cpp">
      <Filter>src</Filter>
    </ClCompile>
  </ItemGroup>
  <ItemGroup>
    <ClInclude Include="main.h">
      <Filter>win32</Filter>
    </ClInclude>
    <ClInclude Include="..\Classes\AppDelegate.h">
      <Filter>src</Filter>
    </ClInclude>
    <ClInclude Include="..\Classes\HelloWorldScene.h">
      <Filter>src</Filter>
    </ClInclude>
    <ClInclude Include="..\Classes\Engine\Include\CInputManager.h">
      <Filter>src</Filter>
    </ClInclude>
    <ClInclude Include="..\Classes\Engine\Include\CJsonParser.h">
      <Filter>src</Filter>
    </ClInclude>
    <ClInclude Include="..\Classes\Engine\Include\CKernel.h">
      <Filter>src</Filter>
    </ClInclude>
    <ClInclude Include="..\Classes\Engine\Include\CNode.h">
      <Filter>src</Filter>
    </ClInclude>
    <ClInclude Include="..\Classes\Engine\Include\CParallelNode.h">
      <Filter>src</Filter>
    </ClInclude>
    <ClInclude Include="..\Classes\Engine\Include\CSceneNode.h">
      <Filter>src</Filter>
    </ClInclude>
    <ClInclude Include="..\Classes\Engine\Include\CSelectorNode.h">
      <Filter>src</Filter>
    </ClInclude>
    <ClInclude Include="..\Classes\Engine\Include\CSequenceNode.h">
      <Filter>src</Filter>
    </ClInclude>
    <ClInclude Include="..\Classes\Engine\Include\CVisitor.h">
      <Filter>src</Filter>
    </ClInclude>
    <ClInclude Include="..\Classes\Engine\Include\CSpriteNode.h">
      <Filter>src</Filter>
    </ClInclude>
    <ClInclude Include="..\Classes\Engine\Include\CEntityNode.h">
      <Filter>src</Filter>
    </ClInclude>
    <ClInclude Include="..\Classes\Engine\Include\CLabelNode.h">
      <Filter>src</Filter>
    </ClInclude>
    <ClInclude Include="..\Classes\Engine\Include\CMenuNode.h">
      <Filter>src</Filter>
    </ClInclude>
    <ClInclude Include="..\Classes\Engine\Include\CJsonParser_impl.h">
      <Filter>src</Filter>
    </ClInclude>
    <ClInclude Include="..\Classes\Engine\Include\CCallback.h">
      <Filter>src</Filter>
    </ClInclude>
    <ClInclude Include="..\Classes\Engine\Include\CTransitionVisitor.h">
      <Filter>src</Filter>
    </ClInclude>
    <ClInclude Include="..\Classes\Modules\Networking\win\Include\CNetworkManager.h">
      <Filter>src</Filter>
    </ClInclude>
    <ClInclude Include="..\Classes\Engine\Include\CGridNode.h">
      <Filter>src</Filter>
    </ClInclude>
    <ClInclude Include="..\Classes\Engine\Include\CGroupNode.h">
      <Filter>src</Filter>
    </ClInclude>
    <ClInclude Include="..\Classes\Engine\Include\CTouchBeganVisitor.h">
      <Filter>src</Filter>
    </ClInclude>
    <ClInclude Include="..\Classes\Engine\Include\CGotoSceneVisitor.h">
      <Filter>src</Filter>
    </ClInclude>
    <ClInclude Include="..\Classes\Engine\Include\CValidateSceneVisitor.h">
      <Filter>src</Filter>
    </ClInclude>
    <ClInclude Include="..\Classes\Engine\Include\CFindEntityVisitor.h">
      <Filter>src</Filter>
    </ClInclude>
    <ClInclude Include="..\Classes\Engine\Include\CPeerNode.h">
      <Filter>src</Filter>
    </ClInclude>
    <ClInclude Include="..\Classes\Modules\Util\Include\Desc.h">
      <Filter>src</Filter>
    </ClInclude>
    <ClInclude Include="..\Classes\Engine\Include\CFindEntityTouchVisitor.h">
      <Filter>src</Filter>
    </ClInclude>
    <ClInclude Include="..\Classes\Engine\Include\CDispatchMessageVisitor.h">
      <Filter>src</Filter>
    </ClInclude>
    <ClInclude Include="..\Classes\Modules\Util\Include\Util.h">
      <Filter>src</Filter>
    </ClInclude>
    <ClInclude Include="..\Classes\Engine\Include\CFindEntityFromIDVisitor.h">
      <Filter>src</Filter>
    </ClInclude>
    <ClInclude Include="..\Classes\Engine\Include\CValidator.h">
      <Filter>src</Filter>
    </ClInclude>
    <ClInclude Include="..\Classes\Engine\Include\CFindEntityFromTypeVisitor.h">
      <Filter>src</Filter>
    </ClInclude>
    <ClInclude Include="..\Classes\Engine\Include\SUser.h">
      <Filter>src</Filter>
    </ClInclude>
    <ClInclude Include="..\Classes\Engine\Include\CEditBoxNode.h">
      <Filter>src</Filter>
    </ClInclude>
  </ItemGroup>
  <ItemGroup>
    <ResourceCompile Include="game.rc">
      <Filter>resource</Filter>
    </ResourceCompile>
  </ItemGroup>
</Project>